
Microsoft Visual Studio Solution File, Format Version 12.00
# Visual Studio Version 17
VisualStudioVersion = 17.3.32825.248
MinimumVisualStudioVersion = 10.0.40219.1
Project("{FAE04EC0-301F-11D3-BF4B-00C04F79EFBC}") = "hw_1", "hw_1\hw_1.csproj", "{C010EE7E-DF47-4FED-B87D-66B81244923F}"
EndProject
Global
	GlobalSection(SolutionConfigurationPlatforms) = preSolution
		Debug|Any CPU = Debug|Any CPU
		Release|Any CPU = Release|Any CPU
	EndGlobalSection
	GlobalSection(ProjectConfigurationPlatforms) = postSolution
		{C010EE7E-DF47-4FED-B87D-66B81244923F}.Debug|Any CPU.ActiveCfg = Debug|Any CPU
		{C010EE7E-DF47-4FED-B87D-66B81244923F}.Debug|Any CPU.Build.0 = Debug|Any CPU
		{C010EE7E-DF47-4FED-B87D-66B81244923F}.Release|Any CPU.ActiveCfg = Release|Any CPU
		{C010EE7E-DF47-4FED-B87D-66B81244923F}.Release|Any CPU.Build.0 = Release|Any CPU
	EndGlobalSection
	GlobalSection(SolutionProperties) = preSolution
		HideSolutionNode = FALSE
	EndGlobalSection
	GlobalSection(ExtensibilityGlobals) = postSolution
		SolutionGuid = {C2265566-D002-4C97-B7D1-BD9EB988F76A}
	EndGlobalSection
EndGlobal
